
Microsoft Visual Studio Solution File, Format Version 12.00
# Visual Studio Version 16
VisualStudioVersion = 16.0.30907.101
MinimumVisualStudioVersion = 10.0.40219.1
Project("{FAE04EC0-301F-11D3-BF4B-00C04F79EFBC}") = "ExamApp.Android", "ExamApp.Android\ExamApp.Android.csproj", "{65846A1C-6971-4AA8-B8C9-DC16E93C23EE}"
EndProject
Project("{9A19103F-16F7-4668-BE54-9A1E7A4F7556}") = "ExamApp", "ExamApp\ExamApp.csproj", "{4F8C0466-9F95-4E07-855D-2F2AA8258D93}"
EndProject
Project("{9A19103F-16F7-4668-BE54-9A1E7A4F7556}") = "ExamAppTest", "ExamAppTest\ExamAppTest.csproj", "{1424D5F7-8163-481F-858B-A457FED65B3A}"
EndProject
Global
	GlobalSection(SolutionConfigurationPlatforms) = preSolution
		Debug|Any CPU = Debug|Any CPU
		Release|Any CPU = Release|Any CPU
	EndGlobalSection
	GlobalSection(ProjectConfigurationPlatforms) = postSolution
		{65846A1C-6971-4AA8-B8C9-DC16E93C23EE}.Debug|Any CPU.ActiveCfg = Debug|Any CPU
		{65846A1C-6971-4AA8-B8C9-DC16E93C23EE}.Debug|Any CPU.Build.0 = Debug|Any CPU
		{65846A1C-6971-4AA8-B8C9-DC16E93C23EE}.Debug|Any CPU.Deploy.0 = Debug|Any CPU
		{65846A1C-6971-4AA8-B8C9-DC16E93C23EE}.Release|Any CPU.ActiveCfg = Release|Any CPU
		{65846A1C-6971-4AA8-B8C9-DC16E93C23EE}.Release|Any CPU.Build.0 = Release|Any CPU
		{65846A1C-6971-4AA8-B8C9-DC16E93C23EE}.Release|Any CPU.Deploy.0 = Release|Any CPU
		{4F8C0466-9F95-4E07-855D-2F2AA8258D93}.Debug|Any CPU.ActiveCfg = Debug|Any CPU
		{4F8C0466-9F95-4E07-855D-2F2AA8258D93}.Debug|Any CPU.Build.0 = Debug|Any CPU
		{4F8C0466-9F95-4E07-855D-2F2AA8258D93}.Release|Any CPU.ActiveCfg = Release|Any CPU
		{4F8C0466-9F95-4E07-855D-2F2AA8258D93}.Release|Any CPU.Build.0 = Release|Any CPU
		{1424D5F7-8163-481F-858B-A457FED65B3A}.Debug|Any CPU.ActiveCfg = Debug|Any CPU
		{1424D5F7-8163-481F-858B-A457FED65B3A}.Debug|Any CPU.Build.0 = Debug|Any CPU
		{1424D5F7-8163-481F-858B-A457FED65B3A}.Release|Any CPU.ActiveCfg = Release|Any CPU
		{1424D5F7-8163-481F-858B-A457FED65B3A}.Release|Any CPU.Build.0 = Release|Any CPU
	EndGlobalSection
	GlobalSection(SolutionProperties) = preSolution
		HideSolutionNode = FALSE
	EndGlobalSection
	GlobalSection(ExtensibilityGlobals) = postSolution
		SolutionGuid = {808C2891-7634-4B51-8104-F43F98B7DB25}
	EndGlobalSection
EndGlobal
